# This file is automatically @generated by Cargo.
# It is not intended for manual editing.
version = 4

[[package]]
name = "tos-arena-bound"
version = "0.1.0"
dependencies = [
 "tos-core",
 "tos-engine",
 "tos-hash",
 "tos-ir",
 "tos-pipeline",
 "tos-runtime",
 "tos-verifier",
]

[[package]]
name = "tos-boot-protocol"
version = "0.1.0"

[[package]]
name = "tos-cache"
version = "0.1.0"
dependencies = [
 "tos-hash",
 "tos-ir",
 "tos-verifier",
]

[[package]]
name = "tos-capsule"
version = "0.1.0"
dependencies = [
 "tos-hash",
]

[[package]]
name = "tos-capsule-tool"
version = "0.1.0"
dependencies = [
 "tos-capsule",
 "tos-hash",
]

[[package]]
name = "tos-core"
version = "0.1.0"
dependencies = [
 "tos-hash",
 "tos-ir",
]

[[package]]
name = "tos-core-performance"
version = "0.1.0"
dependencies = [
 "tos-core",
 "tos-engine",
 "tos-hash",
 "tos-ir",
 "tos-verifier",
]

[[package]]
name = "tos-engine"
version = "0.1.0"
dependencies = [
 "tos-ir",
 "tos-verifier",
]

[[package]]
name = "tos-frames"
version = "0.1.0"
dependencies = [
 "tos-runtime",
]

[[package]]
name = "tos-hash"
version = "0.1.0"

[[package]]
name = "tos-image-prototype"
version = "0.1.0"
dependencies = [
 "tos-core",
 "tos-hash",
 "tos-ir",
 "tos-pipeline",
 "tos-runtime",
 "tos-verifier",
]

[[package]]
name = "tos-ir"
version = "0.1.0"
dependencies = [
 "tos-hash",
]

[[package]]
name = "tos-launch"
version = "0.1.0"

[[package]]
name = "tos-nucleus"
version = "0.1.0"
dependencies = [
 "tos-boot-protocol",
 "tos-capsule",
 "tos-frames",
 "tos-hash",
 "tos-launch",
 "tos-runtime",
 "tos-serial",
]

[[package]]
name = "tos-pipeline"
version = "0.1.0"
dependencies = [
 "tos-core",
 "tos-engine",
 "tos-hash",
 "tos-ir",
 "tos-verifier",
]

[[package]]
name = "tos-runtime"
version = "0.1.0"

[[package]]
name = "tos-runtime-image"
version = "0.1.0"
dependencies = [
 "tos-core",
 "tos-engine",
 "tos-ir",
 "tos-launch",
 "tos-pipeline",
 "tos-runtime",
 "tos-verifier",
]

[[package]]
name = "tos-serial"
version = "0.1.0"

[[package]]
name = "tos-stage1-performance"
version = "0.1.0"
dependencies = [
 "tos-capsule",
 "tos-hash",
]

[[package]]
name = "tos-tests-fuzz"
version = "0.1.0"
dependencies = [
 "tos-capsule",
 "tos-core",
 "tos-engine",
 "tos-hash",
 "tos-ir",
 "tos-verifier",
]

[[package]]
name = "tos-tests-integration"
version = "0.1.0"
dependencies = [
 "tos-boot-protocol",
 "tos-cache",
 "tos-capsule",
 "tos-core",
 "tos-engine",
 "tos-hash",
 "tos-ir",
 "tos-pipeline",
 "tos-verifier",
]

[[package]]
name = "tos-uefi-loader"
version = "0.1.0"
dependencies = [
 "tos-boot-protocol",
 "tos-capsule",
 "tos-hash",
 "tos-serial",
]

[[package]]
name = "tos-verifier"
version = "0.1.0"
dependencies = [
 "tos-hash",
 "tos-ir",
]
